
Microsoft Visual Studio Solution File, Format Version 12.00
# Visual Studio Version 16
VisualStudioVersion = 16.0.29806.167
MinimumVisualStudioVersion = 10.0.40219.1
Project("{FAE04EC0-301F-11D3-BF4B-00C04F79EFBC}") = "Thread", "Thread.csproj", "{ADF20EEF-D03A-4EC6-B09C-A91333382ED5}"
EndProject
Global
	GlobalSection(SolutionConfigurationPlatforms) = preSolution
		Debug|Any CPU = Debug|Any CPU
		Release|Any CPU = Release|Any CPU
	EndGlobalSection
	GlobalSection(ProjectConfigurationPlatforms) = postSolution
		{ADF20EEF-D03A-4EC6-B09C-A91333382ED5}.Debug|Any CPU.ActiveCfg = Debug|Any CPU
		{ADF20EEF-D03A-4EC6-B09C-A91333382ED5}.Debug|Any CPU.Build.0 = Debug|Any CPU
		{ADF20EEF-D03A-4EC6-B09C-A91333382ED5}.Release|Any CPU.ActiveCfg = Release|Any CPU
		{ADF20EEF-D03A-4EC6-B09C-A91333382ED5}.Release|Any CPU.Build.0 = Release|Any CPU
	EndGlobalSection
	GlobalSection(SolutionProperties) = preSolution
		HideSolutionNode = FALSE
	EndGlobalSection
	GlobalSection(ExtensibilityGlobals) = postSolution
		SolutionGuid = {C1F21C6E-5F40-4E52-AAD3-16D3EDAB54C2}
	EndGlobalSection
EndGlobal
