
Microsoft Visual Studio Solution File, Format Version 12.00
# Visual Studio Version 16
VisualStudioVersion = 16.0.29806.167
MinimumVisualStudioVersion = 10.0.40219.1
Project("{FAE04EC0-301F-11D3-BF4B-00C04F79EFBC}") = "colecciones 63", "colecciones 63.csproj", "{90CAA98D-AF7D-4856-8AD9-FC1C4B3EA780}"
EndProject
Global
	GlobalSection(SolutionConfigurationPlatforms) = preSolution
		Debug|Any CPU = Debug|Any CPU
		Release|Any CPU = Release|Any CPU
	EndGlobalSection
	GlobalSection(ProjectConfigurationPlatforms) = postSolution
		{90CAA98D-AF7D-4856-8AD9-FC1C4B3EA780}.Debug|Any CPU.ActiveCfg = Debug|Any CPU
		{90CAA98D-AF7D-4856-8AD9-FC1C4B3EA780}.Debug|Any CPU.Build.0 = Debug|Any CPU
		{90CAA98D-AF7D-4856-8AD9-FC1C4B3EA780}.Release|Any CPU.ActiveCfg = Release|Any CPU
		{90CAA98D-AF7D-4856-8AD9-FC1C4B3EA780}.Release|Any CPU.Build.0 = Release|Any CPU
	EndGlobalSection
	GlobalSection(SolutionProperties) = preSolution
		HideSolutionNode = FALSE
	EndGlobalSection
	GlobalSection(ExtensibilityGlobals) = postSolution
		SolutionGuid = {A652D1AA-50F4-4342-904E-771C098CF028}
	EndGlobalSection
EndGlobal
